
Microsoft Visual Studio Solution File, Format Version 11.00
# Visual Studio 2010
Project("{8BC9CEB8-8B4A-11D0-8D11-00A0C91BC942}") = "[CP2]03_201302434", "[CP2]03_201302434\[CP2]03_201302434.vcxproj", "{DE28F4B7-F492-4C0D-990E-34E4C7506284}"
EndProject
Global
	GlobalSection(SolutionConfigurationPlatforms) = preSolution
		Debug|Win32 = Debug|Win32
		Release|Win32 = Release|Win32
	EndGlobalSection
	GlobalSection(ProjectConfigurationPlatforms) = postSolution
		{DE28F4B7-F492-4C0D-990E-34E4C7506284}.Debug|Win32.ActiveCfg = Debug|Win32
		{DE28F4B7-F492-4C0D-990E-34E4C7506284}.Debug|Win32.Build.0 = Debug|Win32
		{DE28F4B7-F492-4C0D-990E-34E4C7506284}.Release|Win32.ActiveCfg = Release|Win32
		{DE28F4B7-F492-4C0D-990E-34E4C7506284}.Release|Win32.Build.0 = Release|Win32
	EndGlobalSection
	GlobalSection(SolutionProperties) = preSolution
		HideSolutionNode = FALSE
	EndGlobalSection
EndGlobal
